
Microsoft Visual Studio Solution File, Format Version 12.00
# Visual Studio Version 16
VisualStudioVersion = 16.0.30104.148
MinimumVisualStudioVersion = 10.0.40219.1
Project("{FAE04EC0-301F-11D3-BF4B-00C04F79EFBC}") = "mct-rd", "mct-rd\mct-rd.csproj", "{916C3850-48F4-4D1B-9759-F8F16EF2A6FE}"
EndProject
Global
	GlobalSection(SolutionConfigurationPlatforms) = preSolution
		Debug|Any CPU = Debug|Any CPU
		Release|Any CPU = Release|Any CPU
	EndGlobalSection
	GlobalSection(ProjectConfigurationPlatforms) = postSolution
		{916C3850-48F4-4D1B-9759-F8F16EF2A6FE}.Debug|Any CPU.ActiveCfg = Debug|Any CPU
		{916C3850-48F4-4D1B-9759-F8F16EF2A6FE}.Debug|Any CPU.Build.0 = Debug|Any CPU
		{916C3850-48F4-4D1B-9759-F8F16EF2A6FE}.Release|Any CPU.ActiveCfg = Release|Any CPU
		{916C3850-48F4-4D1B-9759-F8F16EF2A6FE}.Release|Any CPU.Build.0 = Release|Any CPU
	EndGlobalSection
	GlobalSection(SolutionProperties) = preSolution
		HideSolutionNode = FALSE
	EndGlobalSection
	GlobalSection(ExtensibilityGlobals) = postSolution
		SolutionGuid = {A9D7C8FA-05DC-4461-8234-92B9DBE258A5}
	EndGlobalSection
EndGlobal
